
Microsoft Visual Studio Solution File, Format Version 12.00
# Visual Studio Version 17
VisualStudioVersion = 17.7.34031.279
MinimumVisualStudioVersion = 10.0.40219.1
Project("{FAE04EC0-301F-11D3-BF4B-00C04F79EFBC}") = "Libreria_JERH", "Libreria_JERH\Libreria_JERH.csproj", "{376120EE-59DB-4C4A-9EEE-33311FB471E8}"
EndProject
Global
	GlobalSection(SolutionConfigurationPlatforms) = preSolution
		Debug|Any CPU = Debug|Any CPU
		Release|Any CPU = Release|Any CPU
	EndGlobalSection
	GlobalSection(ProjectConfigurationPlatforms) = postSolution
		{376120EE-59DB-4C4A-9EEE-33311FB471E8}.Debug|Any CPU.ActiveCfg = Debug|Any CPU
		{376120EE-59DB-4C4A-9EEE-33311FB471E8}.Debug|Any CPU.Build.0 = Debug|Any CPU
		{376120EE-59DB-4C4A-9EEE-33311FB471E8}.Release|Any CPU.ActiveCfg = Release|Any CPU
		{376120EE-59DB-4C4A-9EEE-33311FB471E8}.Release|Any CPU.Build.0 = Release|Any CPU
	EndGlobalSection
	GlobalSection(SolutionProperties) = preSolution
		HideSolutionNode = FALSE
	EndGlobalSection
	GlobalSection(ExtensibilityGlobals) = postSolution
		SolutionGuid = {D419C322-1637-42D7-9043-83E8410DD503}
	EndGlobalSection
EndGlobal
